
Microsoft Visual Studio Solution File, Format Version 12.00
# Visual Studio 2013
VisualStudioVersion = 12.0.31101.0
MinimumVisualStudioVersion = 10.0.40219.1
Project("{FAE04EC0-301F-11D3-BF4B-00C04F79EFBC}") = "HBS.Data", "HBS.Data\HBS.Data.csproj", "{E94C3E8A-615F-4DEB-9EBA-6269E48BFA69}"
EndProject
Project("{FAE04EC0-301F-11D3-BF4B-00C04F79EFBC}") = "HBS.Entities", "HBS.Entities\HBS.Entities.csproj", "{2A305813-B643-4A04-A045-E6C87EBFFAAF}"
EndProject
Project("{FAE04EC0-301F-11D3-BF4B-00C04F79EFBC}") = "HBS.TimeTracking", "HBS.TimeTracking\HBS.TimeTracking.csproj", "{DF15EE99-40AD-4769-B255-0BF592565C12}"
EndProject
Project("{FAE04EC0-301F-11D3-BF4B-00C04F79EFBC}") = "HBS.Service", "HBS.Service\HBS.Service.csproj", "{15B3E0D2-6217-493A-A690-158C497F5318}"
EndProject
Project("{FAE04EC0-301F-11D3-BF4B-00C04F79EFBC}") = "HBS.WebApi", "HBS.WebApi\HBS.WebApi.csproj", "{F245CDEE-C315-4DC4-8E32-87D2F3BE66A9}"
EndProject
Project("{FAE04EC0-301F-11D3-BF4B-00C04F79EFBC}") = "HBS.WebPortal", "HBS.WebPortal\HBS.WebPortal.csproj", "{BD9C3DFD-DD56-4A55-94B3-4EB88219FDC1}"
EndProject
Project("{00D1A9C2-B5F0-4AF3-8072-F6C62B433612}") = "HBS.Database.Timetracking", "HBS.Database.Timetracking\HBS.Database.Timetracking.sqlproj", "{7511F98A-704E-4467-9950-187EC5E98E47}"
EndProject
Project("{00D1A9C2-B5F0-4AF3-8072-F6C62B433612}") = "HBS.Database.HeartbeatService", "HBS.Database.HeartbeatService\HBS.Database.HeartbeatService.sqlproj", "{23C36BD6-F554-4D1B-BC76-9671948ABADD}"
EndProject
Project("{FAE04EC0-301F-11D3-BF4B-00C04F79EFBC}") = "HBS.InsuranceWebApp", "HBS.InsuranceWebApp\HBS.InsuranceWebApp.csproj", "{E60A25EF-2524-4BA3-AADD-276FE350091E}"
EndProject
Global
	GlobalSection(SolutionConfigurationPlatforms) = preSolution
		Debug|Any CPU = Debug|Any CPU
		Dev|Any CPU = Dev|Any CPU
		QA|Any CPU = QA|Any CPU
		Release|Any CPU = Release|Any CPU
	EndGlobalSection
	GlobalSection(ProjectConfigurationPlatforms) = postSolution
		{E94C3E8A-615F-4DEB-9EBA-6269E48BFA69}.Debug|Any CPU.ActiveCfg = Debug|Any CPU
		{E94C3E8A-615F-4DEB-9EBA-6269E48BFA69}.Debug|Any CPU.Build.0 = Debug|Any CPU
		{E94C3E8A-615F-4DEB-9EBA-6269E48BFA69}.Dev|Any CPU.ActiveCfg = Dev|Any CPU
		{E94C3E8A-615F-4DEB-9EBA-6269E48BFA69}.Dev|Any CPU.Build.0 = Dev|Any CPU
		{E94C3E8A-615F-4DEB-9EBA-6269E48BFA69}.QA|Any CPU.ActiveCfg = QA|Any CPU
		{E94C3E8A-615F-4DEB-9EBA-6269E48BFA69}.QA|Any CPU.Build.0 = QA|Any CPU
		{E94C3E8A-615F-4DEB-9EBA-6269E48BFA69}.Release|Any CPU.ActiveCfg = Release|Any CPU
		{E94C3E8A-615F-4DEB-9EBA-6269E48BFA69}.Release|Any CPU.Build.0 = Release|Any CPU
		{2A305813-B643-4A04-A045-E6C87EBFFAAF}.Debug|Any CPU.ActiveCfg = Debug|Any CPU
		{2A305813-B643-4A04-A045-E6C87EBFFAAF}.Debug|Any CPU.Build.0 = Debug|Any CPU
		{2A305813-B643-4A04-A045-E6C87EBFFAAF}.Dev|Any CPU.ActiveCfg = Dev|Any CPU
		{2A305813-B643-4A04-A045-E6C87EBFFAAF}.Dev|Any CPU.Build.0 = Dev|Any CPU
		{2A305813-B643-4A04-A045-E6C87EBFFAAF}.QA|Any CPU.ActiveCfg = QA|Any CPU
		{2A305813-B643-4A04-A045-E6C87EBFFAAF}.QA|Any CPU.Build.0 = QA|Any CPU
		{2A305813-B643-4A04-A045-E6C87EBFFAAF}.Release|Any CPU.ActiveCfg = Release|Any CPU
		{2A305813-B643-4A04-A045-E6C87EBFFAAF}.Release|Any CPU.Build.0 = Release|Any CPU
		{DF15EE99-40AD-4769-B255-0BF592565C12}.Debug|Any CPU.ActiveCfg = Debug|Any CPU
		{DF15EE99-40AD-4769-B255-0BF592565C12}.Debug|Any CPU.Build.0 = Debug|Any CPU
		{DF15EE99-40AD-4769-B255-0BF592565C12}.Dev|Any CPU.ActiveCfg = Dev|Any CPU
		{DF15EE99-40AD-4769-B255-0BF592565C12}.Dev|Any CPU.Build.0 = Dev|Any CPU
		{DF15EE99-40AD-4769-B255-0BF592565C12}.QA|Any CPU.ActiveCfg = QA|Any CPU
		{DF15EE99-40AD-4769-B255-0BF592565C12}.QA|Any CPU.Build.0 = QA|Any CPU
		{DF15EE99-40AD-4769-B255-0BF592565C12}.Release|Any CPU.ActiveCfg = Release|Any CPU
		{15B3E0D2-6217-493A-A690-158C497F5318}.Debug|Any CPU.ActiveCfg = Debug|Any CPU
		{15B3E0D2-6217-493A-A690-158C497F5318}.Debug|Any CPU.Build.0 = Debug|Any CPU
		{15B3E0D2-6217-493A-A690-158C497F5318}.Dev|Any CPU.ActiveCfg = Dev|Any CPU
		{15B3E0D2-6217-493A-A690-158C497F5318}.Dev|Any CPU.Build.0 = Dev|Any CPU
		{15B3E0D2-6217-493A-A690-158C497F5318}.QA|Any CPU.ActiveCfg = QA|Any CPU
		{15B3E0D2-6217-493A-A690-158C497F5318}.QA|Any CPU.Build.0 = QA|Any CPU
		{15B3E0D2-6217-493A-A690-158C497F5318}.Release|Any CPU.ActiveCfg = Release|Any CPU
		{15B3E0D2-6217-493A-A690-158C497F5318}.Release|Any CPU.Build.0 = Release|Any CPU
		{F245CDEE-C315-4DC4-8E32-87D2F3BE66A9}.Debug|Any CPU.ActiveCfg = Debug|Any CPU
		{F245CDEE-C315-4DC4-8E32-87D2F3BE66A9}.Debug|Any CPU.Build.0 = Debug|Any CPU
		{F245CDEE-C315-4DC4-8E32-87D2F3BE66A9}.Dev|Any CPU.ActiveCfg = Dev|Any CPU
		{F245CDEE-C315-4DC4-8E32-87D2F3BE66A9}.Dev|Any CPU.Build.0 = Dev|Any CPU
		{F245CDEE-C315-4DC4-8E32-87D2F3BE66A9}.QA|Any CPU.ActiveCfg = QA|Any CPU
		{F245CDEE-C315-4DC4-8E32-87D2F3BE66A9}.QA|Any CPU.Build.0 = QA|Any CPU
		{F245CDEE-C315-4DC4-8E32-87D2F3BE66A9}.Release|Any CPU.ActiveCfg = Release|Any CPU
		{F245CDEE-C315-4DC4-8E32-87D2F3BE66A9}.Release|Any CPU.Build.0 = Release|Any CPU
		{BD9C3DFD-DD56-4A55-94B3-4EB88219FDC1}.Debug|Any CPU.ActiveCfg = Debug|Any CPU
		{BD9C3DFD-DD56-4A55-94B3-4EB88219FDC1}.Debug|Any CPU.Build.0 = Debug|Any CPU
		{BD9C3DFD-DD56-4A55-94B3-4EB88219FDC1}.Dev|Any CPU.ActiveCfg = Debug|Any CPU
		{BD9C3DFD-DD56-4A55-94B3-4EB88219FDC1}.Dev|Any CPU.Build.0 = Debug|Any CPU
		{BD9C3DFD-DD56-4A55-94B3-4EB88219FDC1}.QA|Any CPU.ActiveCfg = Release|Any CPU
		{BD9C3DFD-DD56-4A55-94B3-4EB88219FDC1}.QA|Any CPU.Build.0 = Release|Any CPU
		{BD9C3DFD-DD56-4A55-94B3-4EB88219FDC1}.Release|Any CPU.ActiveCfg = Release|Any CPU
		{BD9C3DFD-DD56-4A55-94B3-4EB88219FDC1}.Release|Any CPU.Build.0 = Release|Any CPU
		{7511F98A-704E-4467-9950-187EC5E98E47}.Debug|Any CPU.ActiveCfg = Debug|Any CPU
		{7511F98A-704E-4467-9950-187EC5E98E47}.Dev|Any CPU.ActiveCfg = Debug|Any CPU
		{7511F98A-704E-4467-9950-187EC5E98E47}.QA|Any CPU.ActiveCfg = Debug|Any CPU
		{7511F98A-704E-4467-9950-187EC5E98E47}.Release|Any CPU.ActiveCfg = Release|Any CPU
		{23C36BD6-F554-4D1B-BC76-9671948ABADD}.Debug|Any CPU.ActiveCfg = Debug|Any CPU
		{23C36BD6-F554-4D1B-BC76-9671948ABADD}.Dev|Any CPU.ActiveCfg = Debug|Any CPU
		{23C36BD6-F554-4D1B-BC76-9671948ABADD}.QA|Any CPU.ActiveCfg = Debug|Any CPU
		{23C36BD6-F554-4D1B-BC76-9671948ABADD}.Release|Any CPU.ActiveCfg = Release|Any CPU
		{E60A25EF-2524-4BA3-AADD-276FE350091E}.Debug|Any CPU.ActiveCfg = Debug|Any CPU
		{E60A25EF-2524-4BA3-AADD-276FE350091E}.Debug|Any CPU.Build.0 = Debug|Any CPU
		{E60A25EF-2524-4BA3-AADD-276FE350091E}.Dev|Any CPU.ActiveCfg = Debug|Any CPU
		{E60A25EF-2524-4BA3-AADD-276FE350091E}.Dev|Any CPU.Build.0 = Debug|Any CPU
		{E60A25EF-2524-4BA3-AADD-276FE350091E}.QA|Any CPU.ActiveCfg = Release|Any CPU
		{E60A25EF-2524-4BA3-AADD-276FE350091E}.QA|Any CPU.Build.0 = Release|Any CPU
		{E60A25EF-2524-4BA3-AADD-276FE350091E}.Release|Any CPU.ActiveCfg = Release|Any CPU
		{E60A25EF-2524-4BA3-AADD-276FE350091E}.Release|Any CPU.Build.0 = Release|Any CPU
	EndGlobalSection
	GlobalSection(SolutionProperties) = preSolution
		HideSolutionNode = FALSE
	EndGlobalSection
EndGlobal
